
Microsoft Visual Studio Solution File, Format Version 12.00
# Visual Studio Version 17
VisualStudioVersion = 17.3.32804.467
MinimumVisualStudioVersion = 10.0.40219.1
Project("{2150E333-8FDC-42A3-9474-1A3956D46DE8}") = "src", "src", "{3C238497-3347-49E4-A7D9-F019C0ADEEE3}"
EndProject
Project("{2150E333-8FDC-42A3-9474-1A3956D46DE8}") = "project", "project", "{C15B2257-72C6-4E58-A694-A2D7AD04E1B8}"
EndProject
Project("{2150E333-8FDC-42A3-9474-1A3956D46DE8}") = "corePackages", "corePackages", "{E3F89F56-8347-44D8-8D13-AF98CF5E938E}"
EndProject
Project("{9A19103F-16F7-4668-BE54-9A1E7A4F7556}") = "Core.Application", "src\corePackages\Core.Application\Core.Application.csproj", "{99835C53-1EB8-44F4-99F6-889C950D1061}"
EndProject
Project("{9A19103F-16F7-4668-BE54-9A1E7A4F7556}") = "Core.CrossCuttingConcerns", "src\corePackages\Core.CrossCuttingConcers\Core.CrossCuttingConcerns.csproj", "{D563246A-3273-44E5-8310-EA7B3D8DA555}"
EndProject
Project("{9A19103F-16F7-4668-BE54-9A1E7A4F7556}") = "Core.ElasticSearch", "src\corePackages\Core.ElasticSearch\Core.ElasticSearch.csproj", "{9DAC07B5-A994-4377-808B-44BE201D97BE}"
EndProject
Project("{9A19103F-16F7-4668-BE54-9A1E7A4F7556}") = "Core.Mailing", "src\corePackages\Core.Mailing\Core.Mailing.csproj", "{F778DAA2-0BD8-4AAC-B3AB-7676CE823405}"
EndProject
Project("{9A19103F-16F7-4668-BE54-9A1E7A4F7556}") = "Core.Persistence", "src\corePackages\Core.Persistence\Core.Persistence.csproj", "{2BFEBA4D-501B-4310-853B-2CE9835FAE51}"
EndProject
Project("{9A19103F-16F7-4668-BE54-9A1E7A4F7556}") = "Core.Security", "src\corePackages\Core.Security\Core.Security.csproj", "{0FE7C76D-AF38-4E39-AA86-6E1EE874BA69}"
EndProject
Project("{FAE04EC0-301F-11D3-BF4B-00C04F79EFBC}") = "Application", "src\project\Application\Application.csproj", "{66839297-88D0-4330-BB7A-D858B3F66710}"
EndProject
Project("{FAE04EC0-301F-11D3-BF4B-00C04F79EFBC}") = "Domain", "src\project\Domain\Domain.csproj", "{FD1BC236-51ED-449E-A189-B4B2C09AAA3C}"
EndProject
Project("{FAE04EC0-301F-11D3-BF4B-00C04F79EFBC}") = "Infrastructure", "src\project\Infrastructure\Infrastructure.csproj", "{71231401-DE1A-4EAE-8B99-699E02DC16A2}"
EndProject
Project("{FAE04EC0-301F-11D3-BF4B-00C04F79EFBC}") = "WebAPI", "src\project\WebAPI\WebAPI.csproj", "{578271F1-66BC-4BE4-9D46-947278517E0A}"
EndProject
Project("{FAE04EC0-301F-11D3-BF4B-00C04F79EFBC}") = "Persistence", "src\project\Persistence\Persistence.csproj", "{5A3903E5-A577-428B-9C9D-2DF6BC225A2B}"
EndProject
Global
	GlobalSection(SolutionConfigurationPlatforms) = preSolution
		Debug|Any CPU = Debug|Any CPU
		Release|Any CPU = Release|Any CPU
	EndGlobalSection
	GlobalSection(ProjectConfigurationPlatforms) = postSolution
		{99835C53-1EB8-44F4-99F6-889C950D1061}.Debug|Any CPU.ActiveCfg = Debug|Any CPU
		{99835C53-1EB8-44F4-99F6-889C950D1061}.Debug|Any CPU.Build.0 = Debug|Any CPU
		{99835C53-1EB8-44F4-99F6-889C950D1061}.Release|Any CPU.ActiveCfg = Release|Any CPU
		{99835C53-1EB8-44F4-99F6-889C950D1061}.Release|Any CPU.Build.0 = Release|Any CPU
		{D563246A-3273-44E5-8310-EA7B3D8DA555}.Debug|Any CPU.ActiveCfg = Debug|Any CPU
		{D563246A-3273-44E5-8310-EA7B3D8DA555}.Debug|Any CPU.Build.0 = Debug|Any CPU
		{D563246A-3273-44E5-8310-EA7B3D8DA555}.Release|Any CPU.ActiveCfg = Release|Any CPU
		{D563246A-3273-44E5-8310-EA7B3D8DA555}.Release|Any CPU.Build.0 = Release|Any CPU
		{9DAC07B5-A994-4377-808B-44BE201D97BE}.Debug|Any CPU.ActiveCfg = Debug|Any CPU
		{9DAC07B5-A994-4377-808B-44BE201D97BE}.Debug|Any CPU.Build.0 = Debug|Any CPU
		{9DAC07B5-A994-4377-808B-44BE201D97BE}.Release|Any CPU.ActiveCfg = Release|Any CPU
		{9DAC07B5-A994-4377-808B-44BE201D97BE}.Release|Any CPU.Build.0 = Release|Any CPU
		{F778DAA2-0BD8-4AAC-B3AB-7676CE823405}.Debug|Any CPU.ActiveCfg = Debug|Any CPU
		{F778DAA2-0BD8-4AAC-B3AB-7676CE823405}.Debug|Any CPU.Build.0 = Debug|Any CPU
		{F778DAA2-0BD8-4AAC-B3AB-7676CE823405}.Release|Any CPU.ActiveCfg = Release|Any CPU
		{F778DAA2-0BD8-4AAC-B3AB-7676CE823405}.Release|Any CPU.Build.0 = Release|Any CPU
		{2BFEBA4D-501B-4310-853B-2CE9835FAE51}.Debug|Any CPU.ActiveCfg = Debug|Any CPU
		{2BFEBA4D-501B-4310-853B-2CE9835FAE51}.Debug|Any CPU.Build.0 = Debug|Any CPU
		{2BFEBA4D-501B-4310-853B-2CE9835FAE51}.Release|Any CPU.ActiveCfg = Release|Any CPU
		{2BFEBA4D-501B-4310-853B-2CE9835FAE51}.Release|Any CPU.Build.0 = Release|Any CPU
		{0FE7C76D-AF38-4E39-AA86-6E1EE874BA69}.Debug|Any CPU.ActiveCfg = Debug|Any CPU
		{0FE7C76D-AF38-4E39-AA86-6E1EE874BA69}.Debug|Any CPU.Build.0 = Debug|Any CPU
		{0FE7C76D-AF38-4E39-AA86-6E1EE874BA69}.Release|Any CPU.ActiveCfg = Release|Any CPU
		{0FE7C76D-AF38-4E39-AA86-6E1EE874BA69}.Release|Any CPU.Build.0 = Release|Any CPU
		{66839297-88D0-4330-BB7A-D858B3F66710}.Debug|Any CPU.ActiveCfg = Debug|Any CPU
		{66839297-88D0-4330-BB7A-D858B3F66710}.Debug|Any CPU.Build.0 = Debug|Any CPU
		{66839297-88D0-4330-BB7A-D858B3F66710}.Release|Any CPU.ActiveCfg = Release|Any CPU
		{66839297-88D0-4330-BB7A-D858B3F66710}.Release|Any CPU.Build.0 = Release|Any CPU
		{FD1BC236-51ED-449E-A189-B4B2C09AAA3C}.Debug|Any CPU.ActiveCfg = Debug|Any CPU
		{FD1BC236-51ED-449E-A189-B4B2C09AAA3C}.Debug|Any CPU.Build.0 = Debug|Any CPU
		{FD1BC236-51ED-449E-A189-B4B2C09AAA3C}.Release|Any CPU.ActiveCfg = Release|Any CPU
		{FD1BC236-51ED-449E-A189-B4B2C09AAA3C}.Release|Any CPU.Build.0 = Release|Any CPU
		{71231401-DE1A-4EAE-8B99-699E02DC16A2}.Debug|Any CPU.ActiveCfg = Debug|Any CPU
		{71231401-DE1A-4EAE-8B99-699E02DC16A2}.Debug|Any CPU.Build.0 = Debug|Any CPU
		{71231401-DE1A-4EAE-8B99-699E02DC16A2}.Release|Any CPU.ActiveCfg = Release|Any CPU
		{71231401-DE1A-4EAE-8B99-699E02DC16A2}.Release|Any CPU.Build.0 = Release|Any CPU
		{578271F1-66BC-4BE4-9D46-947278517E0A}.Debug|Any CPU.ActiveCfg = Debug|Any CPU
		{578271F1-66BC-4BE4-9D46-947278517E0A}.Debug|Any CPU.Build.0 = Debug|Any CPU
		{578271F1-66BC-4BE4-9D46-947278517E0A}.Release|Any CPU.ActiveCfg = Release|Any CPU
		{578271F1-66BC-4BE4-9D46-947278517E0A}.Release|Any CPU.Build.0 = Release|Any CPU
		{5A3903E5-A577-428B-9C9D-2DF6BC225A2B}.Debug|Any CPU.ActiveCfg = Debug|Any CPU
		{5A3903E5-A577-428B-9C9D-2DF6BC225A2B}.Debug|Any CPU.Build.0 = Debug|Any CPU
		{5A3903E5-A577-428B-9C9D-2DF6BC225A2B}.Release|Any CPU.ActiveCfg = Release|Any CPU
		{5A3903E5-A577-428B-9C9D-2DF6BC225A2B}.Release|Any CPU.Build.0 = Release|Any CPU
	EndGlobalSection
	GlobalSection(SolutionProperties) = preSolution
		HideSolutionNode = FALSE
	EndGlobalSection
	GlobalSection(NestedProjects) = preSolution
		{C15B2257-72C6-4E58-A694-A2D7AD04E1B8} = {3C238497-3347-49E4-A7D9-F019C0ADEEE3}
		{E3F89F56-8347-44D8-8D13-AF98CF5E938E} = {3C238497-3347-49E4-A7D9-F019C0ADEEE3}
		{99835C53-1EB8-44F4-99F6-889C950D1061} = {E3F89F56-8347-44D8-8D13-AF98CF5E938E}
		{D563246A-3273-44E5-8310-EA7B3D8DA555} = {E3F89F56-8347-44D8-8D13-AF98CF5E938E}
		{9DAC07B5-A994-4377-808B-44BE201D97BE} = {E3F89F56-8347-44D8-8D13-AF98CF5E938E}
		{F778DAA2-0BD8-4AAC-B3AB-7676CE823405} = {E3F89F56-8347-44D8-8D13-AF98CF5E938E}
		{2BFEBA4D-501B-4310-853B-2CE9835FAE51} = {E3F89F56-8347-44D8-8D13-AF98CF5E938E}
		{0FE7C76D-AF38-4E39-AA86-6E1EE874BA69} = {E3F89F56-8347-44D8-8D13-AF98CF5E938E}
		{66839297-88D0-4330-BB7A-D858B3F66710} = {C15B2257-72C6-4E58-A694-A2D7AD04E1B8}
		{FD1BC236-51ED-449E-A189-B4B2C09AAA3C} = {C15B2257-72C6-4E58-A694-A2D7AD04E1B8}
		{71231401-DE1A-4EAE-8B99-699E02DC16A2} = {C15B2257-72C6-4E58-A694-A2D7AD04E1B8}
		{578271F1-66BC-4BE4-9D46-947278517E0A} = {C15B2257-72C6-4E58-A694-A2D7AD04E1B8}
		{5A3903E5-A577-428B-9C9D-2DF6BC225A2B} = {C15B2257-72C6-4E58-A694-A2D7AD04E1B8}
	EndGlobalSection
	GlobalSection(ExtensibilityGlobals) = postSolution
		SolutionGuid = {839BE07B-2963-43F7-BAB8-953BA95BC03A}
	EndGlobalSection
EndGlobal
